
Microsoft Visual Studio Solution File, Format Version 12.00
# Visual Studio Version 17
VisualStudioVersion = 17.8.34309.116
MinimumVisualStudioVersion = 10.0.40219.1
Project("{FAE04EC0-301F-11D3-BF4B-00C04F79EFBC}") = "movieDB", "movieDB.csproj", "{AC1BB7D0-A644-4E35-9781-070AA3A7C767}"
EndProject
Global
	GlobalSection(SolutionConfigurationPlatforms) = preSolution
		Debug|Any CPU = Debug|Any CPU
		Release|Any CPU = Release|Any CPU
	EndGlobalSection
	GlobalSection(ProjectConfigurationPlatforms) = postSolution
		{AC1BB7D0-A644-4E35-9781-070AA3A7C767}.Debug|Any CPU.ActiveCfg = Debug|Any CPU
		{AC1BB7D0-A644-4E35-9781-070AA3A7C767}.Debug|Any CPU.Build.0 = Debug|Any CPU
		{AC1BB7D0-A644-4E35-9781-070AA3A7C767}.Release|Any CPU.ActiveCfg = Release|Any CPU
		{AC1BB7D0-A644-4E35-9781-070AA3A7C767}.Release|Any CPU.Build.0 = Release|Any CPU
	EndGlobalSection
	GlobalSection(SolutionProperties) = preSolution
		HideSolutionNode = FALSE
	EndGlobalSection
	GlobalSection(ExtensibilityGlobals) = postSolution
		SolutionGuid = {943A9CD4-C14A-4F69-AE66-0F05407F579A}
	EndGlobalSection
EndGlobal
